
Microsoft Visual Studio Solution File, Format Version 12.00
# Visual Studio Version 17
VisualStudioVersion = 17.0.31912.275
MinimumVisualStudioVersion = 10.0.40219.1
Project("{9A19103F-16F7-4668-BE54-9A1E7A4F7556}") = "PokerPlanning.Server", "PokerPlanning\Server\PokerPlanning.Server.csproj", "{18726762-FC35-4BDA-8A04-1D6C755F99E7}"
EndProject
Project("{9A19103F-16F7-4668-BE54-9A1E7A4F7556}") = "PokerPlanning.Client", "PokerPlanning\Client\PokerPlanning.Client.csproj", "{21362A9A-0C5A-457D-A9ED-0A39F71CC59F}"
EndProject
Project("{9A19103F-16F7-4668-BE54-9A1E7A4F7556}") = "PokerPlanning.Shared", "PokerPlanning\Shared\PokerPlanning.Shared.csproj", "{E81ACB96-C07E-4C70-9BD7-91FF19826A5D}"
EndProject
Global
	GlobalSection(SolutionConfigurationPlatforms) = preSolution
		Debug|Any CPU = Debug|Any CPU
		Release|Any CPU = Release|Any CPU
	EndGlobalSection
	GlobalSection(ProjectConfigurationPlatforms) = postSolution
		{18726762-FC35-4BDA-8A04-1D6C755F99E7}.Debug|Any CPU.ActiveCfg = Debug|Any CPU
		{18726762-FC35-4BDA-8A04-1D6C755F99E7}.Debug|Any CPU.Build.0 = Debug|Any CPU
		{18726762-FC35-4BDA-8A04-1D6C755F99E7}.Release|Any CPU.ActiveCfg = Release|Any CPU
		{18726762-FC35-4BDA-8A04-1D6C755F99E7}.Release|Any CPU.Build.0 = Release|Any CPU
		{21362A9A-0C5A-457D-A9ED-0A39F71CC59F}.Debug|Any CPU.ActiveCfg = Debug|Any CPU
		{21362A9A-0C5A-457D-A9ED-0A39F71CC59F}.Debug|Any CPU.Build.0 = Debug|Any CPU
		{21362A9A-0C5A-457D-A9ED-0A39F71CC59F}.Release|Any CPU.ActiveCfg = Release|Any CPU
		{21362A9A-0C5A-457D-A9ED-0A39F71CC59F}.Release|Any CPU.Build.0 = Release|Any CPU
		{E81ACB96-C07E-4C70-9BD7-91FF19826A5D}.Debug|Any CPU.ActiveCfg = Debug|Any CPU
		{E81ACB96-C07E-4C70-9BD7-91FF19826A5D}.Debug|Any CPU.Build.0 = Debug|Any CPU
		{E81ACB96-C07E-4C70-9BD7-91FF19826A5D}.Release|Any CPU.ActiveCfg = Release|Any CPU
		{E81ACB96-C07E-4C70-9BD7-91FF19826A5D}.Release|Any CPU.Build.0 = Release|Any CPU
	EndGlobalSection
	GlobalSection(SolutionProperties) = preSolution
		HideSolutionNode = FALSE
	EndGlobalSection
	GlobalSection(ExtensibilityGlobals) = postSolution
		SolutionGuid = {90472224-ABCE-4983-BEBD-FAC149AD8E2F}
	EndGlobalSection
EndGlobal
