
Microsoft Visual Studio Solution File, Format Version 12.00
# Visual Studio Version 17
VisualStudioVersion = 17.11.35312.102
MinimumVisualStudioVersion = 10.0.40219.1
Project("{FAE04EC0-301F-11D3-BF4B-00C04F79EFBC}") = "PokerPlanning", "PokerPlanning\PokerPlanning.csproj", "{FDEDB0D0-A47C-46AC-B92A-FD6687CAA27A}"
EndProject
Global
	GlobalSection(SolutionConfigurationPlatforms) = preSolution
		Debug|Any CPU = Debug|Any CPU
		Release|Any CPU = Release|Any CPU
	EndGlobalSection
	GlobalSection(ProjectConfigurationPlatforms) = postSolution
		{FDEDB0D0-A47C-46AC-B92A-FD6687CAA27A}.Debug|Any CPU.ActiveCfg = Debug|Any CPU
		{FDEDB0D0-A47C-46AC-B92A-FD6687CAA27A}.Debug|Any CPU.Build.0 = Debug|Any CPU
		{FDEDB0D0-A47C-46AC-B92A-FD6687CAA27A}.Release|Any CPU.ActiveCfg = Release|Any CPU
		{FDEDB0D0-A47C-46AC-B92A-FD6687CAA27A}.Release|Any CPU.Build.0 = Release|Any CPU
	EndGlobalSection
	GlobalSection(SolutionProperties) = preSolution
		HideSolutionNode = FALSE
	EndGlobalSection
	GlobalSection(ExtensibilityGlobals) = postSolution
		SolutionGuid = {6ECB2092-22B1-4C00-ACB9-3CA6F5F2B880}
	EndGlobalSection
EndGlobal
